
Microsoft Visual Studio Solution File, Format Version 12.00
# Visual Studio Version 17
VisualStudioVersion = 17.9.34622.214
MinimumVisualStudioVersion = 10.0.40219.1
Project("{FAE04EC0-301F-11D3-BF4B-00C04F79EFBC}") = "Task_1", "Task_1\Task_1.csproj", "{936DE9BB-3EE6-4A2F-B2F6-766489FAA241}"
EndProject
Project("{FAE04EC0-301F-11D3-BF4B-00C04F79EFBC}") = "Task_2", "Task_2\Task_2.csproj", "{AF70739E-CCA6-4F13-94F9-D8F6BE4BEC50}"
EndProject
Global
	GlobalSection(SolutionConfigurationPlatforms) = preSolution
		Debug|Any CPU = Debug|Any CPU
		Release|Any CPU = Release|Any CPU
	EndGlobalSection
	GlobalSection(ProjectConfigurationPlatforms) = postSolution
		{936DE9BB-3EE6-4A2F-B2F6-766489FAA241}.Debug|Any CPU.ActiveCfg = Debug|Any CPU
		{936DE9BB-3EE6-4A2F-B2F6-766489FAA241}.Debug|Any CPU.Build.0 = Debug|Any CPU
		{936DE9BB-3EE6-4A2F-B2F6-766489FAA241}.Release|Any CPU.ActiveCfg = Release|Any CPU
		{936DE9BB-3EE6-4A2F-B2F6-766489FAA241}.Release|Any CPU.Build.0 = Release|Any CPU
		{AF70739E-CCA6-4F13-94F9-D8F6BE4BEC50}.Debug|Any CPU.ActiveCfg = Debug|Any CPU
		{AF70739E-CCA6-4F13-94F9-D8F6BE4BEC50}.Debug|Any CPU.Build.0 = Debug|Any CPU
		{AF70739E-CCA6-4F13-94F9-D8F6BE4BEC50}.Release|Any CPU.ActiveCfg = Release|Any CPU
		{AF70739E-CCA6-4F13-94F9-D8F6BE4BEC50}.Release|Any CPU.Build.0 = Release|Any CPU
	EndGlobalSection
	GlobalSection(SolutionProperties) = preSolution
		HideSolutionNode = FALSE
	EndGlobalSection
	GlobalSection(ExtensibilityGlobals) = postSolution
		SolutionGuid = {4DF4C587-BB21-46BA-A82F-191B7AC32BDB}
	EndGlobalSection
EndGlobal
